
Microsoft Visual Studio Solution File, Format Version 12.00
# Visual Studio Version 17
VisualStudioVersion = 17.8.34316.72
MinimumVisualStudioVersion = 10.0.40219.1
Project("{FAE04EC0-301F-11D3-BF4B-00C04F79EFBC}") = "Painty", "Painty\Painty.csproj", "{0E7FE7C9-6DAD-4779-8801-206825146AA6}"
EndProject
Global
	GlobalSection(SolutionConfigurationPlatforms) = preSolution
		Debug|Any CPU = Debug|Any CPU
		Release|Any CPU = Release|Any CPU
	EndGlobalSection
	GlobalSection(ProjectConfigurationPlatforms) = postSolution
		{0E7FE7C9-6DAD-4779-8801-206825146AA6}.Debug|Any CPU.ActiveCfg = Debug|Any CPU
		{0E7FE7C9-6DAD-4779-8801-206825146AA6}.Debug|Any CPU.Build.0 = Debug|Any CPU
		{0E7FE7C9-6DAD-4779-8801-206825146AA6}.Release|Any CPU.ActiveCfg = Release|Any CPU
		{0E7FE7C9-6DAD-4779-8801-206825146AA6}.Release|Any CPU.Build.0 = Release|Any CPU
	EndGlobalSection
	GlobalSection(SolutionProperties) = preSolution
		HideSolutionNode = FALSE
	EndGlobalSection
	GlobalSection(ExtensibilityGlobals) = postSolution
		SolutionGuid = {0FAB76DE-E260-4575-A4D0-7C8B3A715A88}
	EndGlobalSection
EndGlobal
